
Microsoft Visual Studio Solution File, Format Version 12.00
# Visual Studio Version 17
VisualStudioVersion = 17.4.33103.184
MinimumVisualStudioVersion = 10.0.40219.1
Project("{FAE04EC0-301F-11D3-BF4B-00C04F79EFBC}") = "conBiblioteca", "conBiblioteca\conBiblioteca.csproj", "{0C880C4F-E22B-4F00-ACD6-5B38189EE91B}"
EndProject
Global
	GlobalSection(SolutionConfigurationPlatforms) = preSolution
		Debug|Any CPU = Debug|Any CPU
		Release|Any CPU = Release|Any CPU
	EndGlobalSection
	GlobalSection(ProjectConfigurationPlatforms) = postSolution
		{0C880C4F-E22B-4F00-ACD6-5B38189EE91B}.Debug|Any CPU.ActiveCfg = Debug|Any CPU
		{0C880C4F-E22B-4F00-ACD6-5B38189EE91B}.Debug|Any CPU.Build.0 = Debug|Any CPU
		{0C880C4F-E22B-4F00-ACD6-5B38189EE91B}.Release|Any CPU.ActiveCfg = Release|Any CPU
		{0C880C4F-E22B-4F00-ACD6-5B38189EE91B}.Release|Any CPU.Build.0 = Release|Any CPU
	EndGlobalSection
	GlobalSection(SolutionProperties) = preSolution
		HideSolutionNode = FALSE
	EndGlobalSection
	GlobalSection(ExtensibilityGlobals) = postSolution
		SolutionGuid = {D8B9EB4B-70A3-4265-AD8C-CADAE50A86C7}
	EndGlobalSection
EndGlobal
